// !$*UTF8*$!
{
	archiveVersion = 1;
	classes = {
	};
	objectVersion = 56;
	objects = {

/* Begin PBXBuildFile section */
		4541C6572AD95E1000558846 /* SWAppApp.swift in Sources */ = {isa = PBXBuildFile; fileRef = 4541C6562AD95E1000558846 /* SWAppApp.swift */; };
		4541C6592AD95E1000558846 /* ContentView.swift in Sources */ = {isa = PBXBuildFile; fileRef = 4541C6582AD95E1000558846 /* ContentView.swift */; };
		4541C65B2AD95E1100558846 /* Assets.xcassets in Resources */ = {isa = PBXBuildFile; fileRef = 4541C65A2AD95E1100558846 /* Assets.xcassets */; };
		4541C65E2AD95E1100558846 /* Preview Assets.xcassets in Resources */ = {isa = PBXBuildFile; fileRef = 4541C65D2AD95E1100558846 /* Preview Assets.xcassets */; };
		4541C6652AD960D900558846 /* Character.swift in Sources */ = {isa = PBXBuildFile; fileRef = 4541C6642AD960D900558846 /* Character.swift */; };
		4541C6692AD9622600558846 /* Film.swift in Sources */ = {isa = PBXBuildFile; fileRef = 4541C6682AD9622600558846 /* Film.swift */; };
		4541C66B2AD964A100558846 /* Planet.swift in Sources */ = {isa = PBXBuildFile; fileRef = 4541C66A2AD964A100558846 /* Planet.swift */; };
		4541C66D2AD9657600558846 /* Starship.swift in Sources */ = {isa = PBXBuildFile; fileRef = 4541C66C2AD9657600558846 /* Starship.swift */; };
		4541C6702AD9687E00558846 /* Vehicle.swift in Sources */ = {isa = PBXBuildFile; fileRef = 4541C66F2AD9687E00558846 /* Vehicle.swift */; };
		4541C6732AD96B6D00558846 /* NetworkManager.swift in Sources */ = {isa = PBXBuildFile; fileRef = 4541C6722AD96B6D00558846 /* NetworkManager.swift */; };
		4541C6762AD96C2E00558846 /* NetworkError.swift in Sources */ = {isa = PBXBuildFile; fileRef = 4541C6752AD96C2E00558846 /* NetworkError.swift */; };
		4541C6782AD9787F00558846 /* FilmHandler.swift in Sources */ = {isa = PBXBuildFile; fileRef = 4541C6772AD9787F00558846 /* FilmHandler.swift */; };
		4541C67C2AD97EE900558846 /* FilmLabel.swift in Sources */ = {isa = PBXBuildFile; fileRef = 4541C67B2AD97EE900558846 /* FilmLabel.swift */; };
		4541C67E2AD9817F00558846 /* ActivityIndicator.swift in Sources */ = {isa = PBXBuildFile; fileRef = 4541C67D2AD9817F00558846 /* ActivityIndicator.swift */; };
		4541C6802AD986BB00558846 /* FilmDetailHandler.swift in Sources */ = {isa = PBXBuildFile; fileRef = 4541C67F2AD986BB00558846 /* FilmDetailHandler.swift */; };
		4541C6822AD98EB900558846 /* FilmDetailView.swift in Sources */ = {isa = PBXBuildFile; fileRef = 4541C6812AD98EB900558846 /* FilmDetailView.swift */; };
		4541C6842AD9978600558846 /* CharacterDetailView.swift in Sources */ = {isa = PBXBuildFile; fileRef = 4541C6832AD9978600558846 /* CharacterDetailView.swift */; };
		4541C6862AD9986C00558846 /* KeyValueLabel.swift in Sources */ = {isa = PBXBuildFile; fileRef = 4541C6852AD9986C00558846 /* KeyValueLabel.swift */; };
		4541C6882AD99BE700558846 /* PlanetDetailView.swift in Sources */ = {isa = PBXBuildFile; fileRef = 4541C6872AD99BE700558846 /* PlanetDetailView.swift */; };
		4541C68A2AD99D6000558846 /* StarshipDetailView.swift in Sources */ = {isa = PBXBuildFile; fileRef = 4541C6892AD99D6000558846 /* StarshipDetailView.swift */; };
		4541C68C2AD99E5A00558846 /* VehicleDetailView.swift in Sources */ = {isa = PBXBuildFile; fileRef = 4541C68B2AD99E5A00558846 /* VehicleDetailView.swift */; };
/* End PBXBuildFile section */

/* Begin PBXFileReference section */
		4541C6532AD95E1000558846 /* SWApp.app */ = {isa = PBXFileReference; explicitFileType = wrapper.application; includeInIndex = 0; path = SWApp.app; sourceTree = BUILT_PRODUCTS_DIR; };
		4541C6562AD95E1000558846 /* SWAppApp.swift */ = {isa = PBXFileReference; lastKnownFileType = sourcecode.swift; path = SWAppApp.swift; sourceTree = "<group>"; };
		4541C6582AD95E1000558846 /* ContentView.swift */ = {isa = PBXFileReference; lastKnownFileType = sourcecode.swift; path = ContentView.swift; sourceTree = "<group>"; };
		4541C65A2AD95E1100558846 /* Assets.xcassets */ = {isa = PBXFileReference; lastKnownFileType = folder.assetcatalog; path = Assets.xcassets; sourceTree = "<group>"; };
		4541C65D2AD95E1100558846 /* Preview Assets.xcassets */ = {isa = PBXFileReference; lastKnownFileType = folder.assetcatalog; path = "Preview Assets.xcassets"; sourceTree = "<group>"; };
		4541C6642AD960D900558846 /* Character.swift */ = {isa = PBXFileReference; lastKnownFileType = sourcecode.swift; path = Character.swift; sourceTree = "<group>"; };
		4541C6682AD9622600558846 /* Film.swift */ = {isa = PBXFileReference; lastKnownFileType = sourcecode.swift; path = Film.swift; sourceTree = "<group>"; };
		4541C66A2AD964A100558846 /* Planet.swift */ = {isa = PBXFileReference; lastKnownFileType = sourcecode.swift; path = Planet.swift; sourceTree = "<group>"; };
		4541C66C2AD9657600558846 /* Starship.swift */ = {isa = PBXFileReference; lastKnownFileType = sourcecode.swift; path = Starship.swift; sourceTree = "<group>"; };
		4541C66F2AD9687E00558846 /* Vehicle.swift */ = {isa = PBXFileReference; lastKnownFileType = sourcecode.swift; path = Vehicle.swift; sourceTree = "<group>"; };
		4541C6722AD96B6D00558846 /* NetworkManager.swift */ = {isa = PBXFileReference; lastKnownFileType = sourcecode.swift; path = NetworkManager.swift; sourceTree = "<group>"; };
		4541C6752AD96C2E00558846 /* NetworkError.swift */ = {isa = PBXFileReference; lastKnownFileType = sourcecode.swift; path = NetworkError.swift; sourceTree = "<group>"; };
		4541C6772AD9787F00558846 /* FilmHandler.swift */ = {isa = PBXFileReference; lastKnownFileType = sourcecode.swift; path = FilmHandler.swift; sourceTree = "<group>"; };
		4541C67B2AD97EE900558846 /* FilmLabel.swift */ = {isa = PBXFileReference; lastKnownFileType = sourcecode.swift; path = FilmLabel.swift; sourceTree = "<group>"; };
		4541C67D2AD9817F00558846 /* ActivityIndicator.swift */ = {isa = PBXFileReference; lastKnownFileType = sourcecode.swift; path = ActivityIndicator.swift; sourceTree = "<group>"; };
		4541C67F2AD986BB00558846 /* FilmDetailHandler.swift */ = {isa = PBXFileReference; lastKnownFileType = sourcecode.swift; path = FilmDetailHandler.swift; sourceTree = "<group>"; };
		4541C6812AD98EB900558846 /* FilmDetailView.swift */ = {isa = PBXFileReference; lastKnownFileType = sourcecode.swift; path = FilmDetailView.swift; sourceTree = "<group>"; };
		4541C6832AD9978600558846 /* CharacterDetailView.swift */ = {isa = PBXFileReference; lastKnownFileType = sourcecode.swift; path = CharacterDetailView.swift; sourceTree = "<group>"; };
		4541C6852AD9986C00558846 /* KeyValueLabel.swift */ = {isa = PBXFileReference; lastKnownFileType = sourcecode.swift; path = KeyValueLabel.swift; sourceTree = "<group>"; };
		4541C6872AD99BE700558846 /* PlanetDetailView.swift */ = {isa = PBXFileReference; lastKnownFileType = sourcecode.swift; path = PlanetDetailView.swift; sourceTree = "<group>"; };
		4541C6892AD99D6000558846 /* StarshipDetailView.swift */ = {isa = PBXFileReference; lastKnownFileType = sourcecode.swift; path = StarshipDetailView.swift; sourceTree = "<group>"; };
		4541C68B2AD99E5A00558846 /* VehicleDetailView.swift */ = {isa = PBXFileReference; lastKnownFileType = sourcecode.swift; path = VehicleDetailView.swift; sourceTree = "<group>"; };
/* End PBXFileReference section */

/* Begin PBXFrameworksBuildPhase section */
		4541C6502AD95E1000558846 /* Frameworks */ = {
			isa = PBXFrameworksBuildPhase;
			buildActionMask = 2147483647;
			files = (
			);
			runOnlyForDeploymentPostprocessing = 0;
		};
/* End PBXFrameworksBuildPhase section */

/* Begin PBXGroup section */
		4541C64A2AD95E1000558846 = {
			isa = PBXGroup;
			children = (
				4541C6552AD95E1000558846 /* SWApp */,
				4541C6542AD95E1000558846 /* Products */,
			);
			sourceTree = "<group>";
		};
		4541C6542AD95E1000558846 /* Products */ = {
			isa = PBXGroup;
			children = (
				4541C6532AD95E1000558846 /* SWApp.app */,
			);
			name = Products;
			sourceTree = "<group>";
		};
		4541C6552AD95E1000558846 /* SWApp */ = {
			isa = PBXGroup;
			children = (
				4541C6562AD95E1000558846 /* SWAppApp.swift */,
				4541C67A2AD97C1300558846 /* Views */,
				4541C6792AD9788300558846 /* ViewModels */,
				4541C6672AD961F400558846 /* Models */,
				4541C6742AD96B8E00558846 /* Networking */,
				4541C65A2AD95E1100558846 /* Assets.xcassets */,
				4541C65C2AD95E1100558846 /* Preview Content */,
			);
			path = SWApp;
			sourceTree = "<group>";
		};
		4541C65C2AD95E1100558846 /* Preview Content */ = {
			isa = PBXGroup;
			children = (
				4541C65D2AD95E1100558846 /* Preview Assets.xcassets */,
			);
			path = "Preview Content";
			sourceTree = "<group>";
		};
		4541C6672AD961F400558846 /* Models */ = {
			isa = PBXGroup;
			children = (
				4541C6642AD960D900558846 /* Character.swift */,
				4541C6682AD9622600558846 /* Film.swift */,
				4541C66A2AD964A100558846 /* Planet.swift */,
				4541C66C2AD9657600558846 /* Starship.swift */,
				4541C66F2AD9687E00558846 /* Vehicle.swift */,
			);
			path = Models;
			sourceTree = "<group>";
		};
		4541C6742AD96B8E00558846 /* Networking */ = {
			isa = PBXGroup;
			children = (
				4541C6722AD96B6D00558846 /* NetworkManager.swift */,
				4541C6752AD96C2E00558846 /* NetworkError.swift */,
			);
			path = Networking;
			sourceTree = "<group>";
		};
		4541C6792AD9788300558846 /* ViewModels */ = {
			isa = PBXGroup;
			children = (
				4541C6772AD9787F00558846 /* FilmHandler.swift */,
				4541C67F2AD986BB00558846 /* FilmDetailHandler.swift */,
			);
			path = ViewModels;
			sourceTree = "<group>";
		};
		4541C67A2AD97C1300558846 /* Views */ = {
			isa = PBXGroup;
			children = (
				4541C6582AD95E1000558846 /* ContentView.swift */,
				4541C67D2AD9817F00558846 /* ActivityIndicator.swift */,
				4541C67B2AD97EE900558846 /* FilmLabel.swift */,
				4541C6852AD9986C00558846 /* KeyValueLabel.swift */,
				4541C6812AD98EB900558846 /* FilmDetailView.swift */,
				4541C6832AD9978600558846 /* CharacterDetailView.swift */,
				4541C6872AD99BE700558846 /* PlanetDetailView.swift */,
				4541C6892AD99D6000558846 /* StarshipDetailView.swift */,
				4541C68B2AD99E5A00558846 /* VehicleDetailView.swift */,
			);
			path = Views;
			sourceTree = "<group>";
		};
/* End PBXGroup section */

/* Begin PBXNativeTarget section */
		4541C6522AD95E1000558846 /* SWApp */ = {
			isa = PBXNativeTarget;
			buildConfigurationList = 4541C6612AD95E1100558846 /* Build configuration list for PBXNativeTarget "SWApp" */;
			buildPhases = (
				4541C6712AD969A300558846 /* ShellScript */,
				4541C64F2AD95E1000558846 /* Sources */,
				4541C6502AD95E1000558846 /* Frameworks */,
				4541C6512AD95E1000558846 /* Resources */,
			);
			buildRules = (
			);
			dependencies = (
			);
			name = SWApp;
			productName = SWApp;
			productReference = 4541C6532AD95E1000558846 /* SWApp.app */;
			productType = "com.apple.product-type.application";
		};
/* End PBXNativeTarget section */

/* Begin PBXProject section */
		4541C64B2AD95E1000558846 /* Project object */ = {
			isa = PBXProject;
			attributes = {
				BuildIndependentTargetsInParallel = 1;
				LastSwiftUpdateCheck = 1500;
				LastUpgradeCheck = 1500;
				TargetAttributes = {
					4541C6522AD95E1000558846 = {
						CreatedOnToolsVersion = 15.0;
					};
				};
			};
			buildConfigurationList = 4541C64E2AD95E1000558846 /* Build configuration list for PBXProject "SWApp" */;
			compatibilityVersion = "Xcode 14.0";
			developmentRegion = en;
			hasScannedForEncodings = 0;
			knownRegions = (
				en,
				Base,
			);
			mainGroup = 4541C64A2AD95E1000558846;
			productRefGroup = 4541C6542AD95E1000558846 /* Products */;
			projectDirPath = "";
			projectRoot = "";
			targets = (
				4541C6522AD95E1000558846 /* SWApp */,
			);
		};
/* End PBXProject section */

/* Begin PBXResourcesBuildPhase section */
		4541C6512AD95E1000558846 /* Resources */ = {
			isa = PBXResourcesBuildPhase;
			buildActionMask = 2147483647;
			files = (
				4541C65E2AD95E1100558846 /* Preview Assets.xcassets in Resources */,
				4541C65B2AD95E1100558846 /* Assets.xcassets in Resources */,
			);
			runOnlyForDeploymentPostprocessing = 0;
		};
/* End PBXResourcesBuildPhase section */

/* Begin PBXShellScriptBuildPhase section */
		4541C6712AD969A300558846 /* ShellScript */ = {
			isa = PBXShellScriptBuildPhase;
			alwaysOutOfDate = 1;
			buildActionMask = 2147483647;
			files = (
			);
			inputFileListPaths = (
			);
			inputPaths = (
			);
			outputFileListPaths = (
			);
			outputPaths = (
			);
			runOnlyForDeploymentPostprocessing = 0;
			shellPath = /bin/sh;
			shellScript = "if [[ \"$(uname -m)\" == arm64 ]]; then\n    export PATH=\"/opt/homebrew/bin:$PATH\"\nfi\n\nif which swiftlint > /dev/null; then\n  swiftlint\nelse\n  echo \"warning: SwiftLint not installed, download from https://github.com/realm/SwiftLint\"\nfi\n";
		};
/* End PBXShellScriptBuildPhase section */

/* Begin PBXSourcesBuildPhase section */
		4541C64F2AD95E1000558846 /* Sources */ = {
			isa = PBXSourcesBuildPhase;
			buildActionMask = 2147483647;
			files = (
				4541C6842AD9978600558846 /* CharacterDetailView.swift in Sources */,
				4541C6782AD9787F00558846 /* FilmHandler.swift in Sources */,
				4541C6592AD95E1000558846 /* ContentView.swift in Sources */,
				4541C66B2AD964A100558846 /* Planet.swift in Sources */,
				4541C6862AD9986C00558846 /* KeyValueLabel.swift in Sources */,
				4541C6692AD9622600558846 /* Film.swift in Sources */,
				4541C68C2AD99E5A00558846 /* VehicleDetailView.swift in Sources */,
				4541C67E2AD9817F00558846 /* ActivityIndicator.swift in Sources */,
				4541C67C2AD97EE900558846 /* FilmLabel.swift in Sources */,
				4541C66D2AD9657600558846 /* Starship.swift in Sources */,
				4541C6702AD9687E00558846 /* Vehicle.swift in Sources */,
				4541C6732AD96B6D00558846 /* NetworkManager.swift in Sources */,
				4541C6822AD98EB900558846 /* FilmDetailView.swift in Sources */,
				4541C6882AD99BE700558846 /* PlanetDetailView.swift in Sources */,
				4541C6762AD96C2E00558846 /* NetworkError.swift in Sources */,
				4541C6802AD986BB00558846 /* FilmDetailHandler.swift in Sources */,
				4541C6572AD95E1000558846 /* SWAppApp.swift in Sources */,
				4541C6652AD960D900558846 /* Character.swift in Sources */,
				4541C68A2AD99D6000558846 /* StarshipDetailView.swift in Sources */,
			);
			runOnlyForDeploymentPostprocessing = 0;
		};
/* End PBXSourcesBuildPhase section */

/* Begin XCBuildConfiguration section */
		4541C65F2AD95E1100558846 /* Debug */ = {
			isa = XCBuildConfiguration;
			buildSettings = {
				ALWAYS_SEARCH_USER_PATHS = NO;
				ASSETCATALOG_COMPILER_GENERATE_SWIFT_ASSET_SYMBOL_EXTENSIONS = YES;
				CLANG_ANALYZER_NONNULL = YES;
				CLANG_ANALYZER_NUMBER_OBJECT_CONVERSION = YES_AGGRESSIVE;
				CLANG_CXX_LANGUAGE_STANDARD = "gnu++20";
				CLANG_ENABLE_MODULES = YES;
				CLANG_ENABLE_OBJC_ARC = YES;
				CLANG_ENABLE_OBJC_WEAK = YES;
				CLANG_WARN_BLOCK_CAPTURE_AUTORELEASING = YES;
				CLANG_WARN_BOOL_CONVERSION = YES;
				CLANG_WARN_COMMA = YES;
				CLANG_WARN_CONSTANT_CONVERSION = YES;
				CLANG_WARN_DEPRECATED_OBJC_IMPLEMENTATIONS = YES;
				CLANG_WARN_DIRECT_OBJC_ISA_USAGE = YES_ERROR;
				CLANG_WARN_DOCUMENTATION_COMMENTS = YES;
				CLANG_WARN_EMPTY_BODY = YES;
				CLANG_WARN_ENUM_CONVERSION = YES;
				CLANG_WARN_INFINITE_RECURSION = YES;
				CLANG_WARN_INT_CONVERSION = YES;
				CLANG_WARN_NON_LITERAL_NULL_CONVERSION = YES;
				CLANG_WARN_OBJC_IMPLICIT_RETAIN_SELF = YES;
				CLANG_WARN_OBJC_LITERAL_CONVERSION = YES;
				CLANG_WARN_OBJC_ROOT_CLASS = YES_ERROR;
				CLANG_WARN_QUOTED_INCLUDE_IN_FRAMEWORK_HEADER = YES;
				CLANG_WARN_RANGE_LOOP_ANALYSIS = YES;
				CLANG_WARN_STRICT_PROTOTYPES = YES;
				CLANG_WARN_SUSPICIOUS_MOVE = YES;
				CLANG_WARN_UNGUARDED_AVAILABILITY = YES_AGGRESSIVE;
				CLANG_WARN_UNREACHABLE_CODE = YES;
				CLANG_WARN__DUPLICATE_METHOD_MATCH = YES;
				COPY_PHASE_STRIP = NO;
				DEBUG_INFORMATION_FORMAT = dwarf;
				ENABLE_STRICT_OBJC_MSGSEND = YES;
				ENABLE_TESTABILITY = YES;
				ENABLE_USER_SCRIPT_SANDBOXING = YES;
				GCC_C_LANGUAGE_STANDARD = gnu17;
				GCC_DYNAMIC_NO_PIC = NO;
				GCC_NO_COMMON_BLOCKS = YES;
				GCC_OPTIMIZATION_LEVEL = 0;
				GCC_PREPROCESSOR_DEFINITIONS = (
					"DEBUG=1",
					"$(inherited)",
				);
				GCC_WARN_64_TO_32_BIT_CONVERSION = YES;
				GCC_WARN_ABOUT_RETURN_TYPE = YES_ERROR;
				GCC_WARN_UNDECLARED_SELECTOR = YES;
				GCC_WARN_UNINITIALIZED_AUTOS = YES_AGGRESSIVE;
				GCC_WARN_UNUSED_FUNCTION = YES;
				GCC_WARN_UNUSED_VARIABLE = YES;
				IPHONEOS_DEPLOYMENT_TARGET = 17.0;
				LOCALIZATION_PREFERS_STRING_CATALOGS = YES;
				MTL_ENABLE_DEBUG_INFO = INCLUDE_SOURCE;
				MTL_FAST_MATH = YES;
				ONLY_ACTIVE_ARCH = YES;
				SDKROOT = iphoneos;
				SWIFT_ACTIVE_COMPILATION_CONDITIONS = "DEBUG $(inherited)";
				SWIFT_OPTIMIZATION_LEVEL = "-Onone";
			};
			name = Debug;
		};
		4541C6602AD95E1100558846 /* Release */ = {
			isa = XCBuildConfiguration;
			buildSettings = {
				ALWAYS_SEARCH_USER_PATHS = NO;
				ASSETCATALOG_COMPILER_GENERATE_SWIFT_ASSET_SYMBOL_EXTENSIONS = YES;
				CLANG_ANALYZER_NONNULL = YES;
				CLANG_ANALYZER_NUMBER_OBJECT_CONVERSION = YES_AGGRESSIVE;
				CLANG_CXX_LANGUAGE_STANDARD = "gnu++20";
				CLANG_ENABLE_MODULES = YES;
				CLANG_ENABLE_OBJC_ARC = YES;
				CLANG_ENABLE_OBJC_WEAK = YES;
				CLANG_WARN_BLOCK_CAPTURE_AUTORELEASING = YES;
				CLANG_WARN_BOOL_CONVERSION = YES;
				CLANG_WARN_COMMA = YES;
				CLANG_WARN_CONSTANT_CONVERSION = YES;
				CLANG_WARN_DEPRECATED_OBJC_IMPLEMENTATIONS = YES;
				CLANG_WARN_DIRECT_OBJC_ISA_USAGE = YES_ERROR;
				CLANG_WARN_DOCUMENTATION_COMMENTS = YES;
				CLANG_WARN_EMPTY_BODY = YES;
				CLANG_WARN_ENUM_CONVERSION = YES;
				CLANG_WARN_INFINITE_RECURSION = YES;
				CLANG_WARN_INT_CONVERSION = YES;
				CLANG_WARN_NON_LITERAL_NULL_CONVERSION = YES;
				CLANG_WARN_OBJC_IMPLICIT_RETAIN_SELF = YES;
				CLANG_WARN_OBJC_LITERAL_CONVERSION = YES;
				CLANG_WARN_OBJC_ROOT_CLASS = YES_ERROR;
				CLANG_WARN_QUOTED_INCLUDE_IN_FRAMEWORK_HEADER = YES;
				CLANG_WARN_RANGE_LOOP_ANALYSIS = YES;
				CLANG_WARN_STRICT_PROTOTYPES = YES;
				CLANG_WARN_SUSPICIOUS_MOVE = YES;
				CLANG_WARN_UNGUARDED_AVAILABILITY = YES_AGGRESSIVE;
				CLANG_WARN_UNREACHABLE_CODE = YES;
				CLANG_WARN__DUPLICATE_METHOD_MATCH = YES;
				COPY_PHASE_STRIP = NO;
				DEBUG_INFORMATION_FORMAT = "dwarf-with-dsym";
				ENABLE_NS_ASSERTIONS = NO;
				ENABLE_STRICT_OBJC_MSGSEND = YES;
				ENABLE_USER_SCRIPT_SANDBOXING = YES;
				GCC_C_LANGUAGE_STANDARD = gnu17;
				GCC_NO_COMMON_BLOCKS = YES;
				GCC_WARN_64_TO_32_BIT_CONVERSION = YES;
				GCC_WARN_ABOUT_RETURN_TYPE = YES_ERROR;
				GCC_WARN_UNDECLARED_SELECTOR = YES;
				GCC_WARN_UNINITIALIZED_AUTOS = YES_AGGRESSIVE;
				GCC_WARN_UNUSED_FUNCTION = YES;
				GCC_WARN_UNUSED_VARIABLE = YES;
				IPHONEOS_DEPLOYMENT_TARGET = 17.0;
				LOCALIZATION_PREFERS_STRING_CATALOGS = YES;
				MTL_ENABLE_DEBUG_INFO = NO;
				MTL_FAST_MATH = YES;
				SDKROOT = iphoneos;
				SWIFT_COMPILATION_MODE = wholemodule;
				VALIDATE_PRODUCT = YES;
			};
			name = Release;
		};
		4541C6622AD95E1100558846 /* Debug */ = {
			isa = XCBuildConfiguration;
			buildSettings = {
				ASSETCATALOG_COMPILER_APPICON_NAME = AppIcon;
				ASSETCATALOG_COMPILER_GLOBAL_ACCENT_COLOR_NAME = AccentColor;
				CODE_SIGN_STYLE = Automatic;
				CURRENT_PROJECT_VERSION = 1;
				DEVELOPMENT_ASSET_PATHS = "\"SWApp/Preview Content\"";
				DEVELOPMENT_TEAM = 928Q5FMY5V;
				ENABLE_PREVIEWS = YES;
				ENABLE_USER_SCRIPT_SANDBOXING = NO;
				GENERATE_INFOPLIST_FILE = YES;
				INFOPLIST_KEY_UIApplicationSceneManifest_Generation = YES;
				INFOPLIST_KEY_UIApplicationSupportsIndirectInputEvents = YES;
				INFOPLIST_KEY_UILaunchScreen_Generation = YES;
				INFOPLIST_KEY_UISupportedInterfaceOrientations_iPad = "UIInterfaceOrientationPortrait UIInterfaceOrientationPortraitUpsideDown UIInterfaceOrientationLandscapeLeft UIInterfaceOrientationLandscapeRight";
				INFOPLIST_KEY_UISupportedInterfaceOrientations_iPhone = "UIInterfaceOrientationPortrait UIInterfaceOrientationLandscapeLeft UIInterfaceOrientationLandscapeRight";
				IPHONEOS_DEPLOYMENT_TARGET = 16.6;
				LD_RUNPATH_SEARCH_PATHS = (
					"$(inherited)",
					"@executable_path/Frameworks",
				);
				MARKETING_VERSION = 1.0;
				PRODUCT_BUNDLE_IDENTIFIER = me.schatton.thomas.SWApp;
				PRODUCT_NAME = "$(TARGET_NAME)";
				SWIFT_EMIT_LOC_STRINGS = YES;
				SWIFT_VERSION = 5.0;
				TARGETED_DEVICE_FAMILY = "1,2";
			};
			name = Debug;
		};
		4541C6632AD95E1100558846 /* Release */ = {
			isa = XCBuildConfiguration;
			buildSettings = {
				ASSETCATALOG_COMPILER_APPICON_NAME = AppIcon;
				ASSETCATALOG_COMPILER_GLOBAL_ACCENT_COLOR_NAME = AccentColor;
				CODE_SIGN_STYLE = Automatic;
				CURRENT_PROJECT_VERSION = 1;
				DEVELOPMENT_ASSET_PATHS = "\"SWApp/Preview Content\"";
				DEVELOPMENT_TEAM = 928Q5FMY5V;
				ENABLE_PREVIEWS = YES;
				ENABLE_USER_SCRIPT_SANDBOXING = NO;
				GENERATE_INFOPLIST_FILE = YES;
				INFOPLIST_KEY_UIApplicationSceneManifest_Generation = YES;
				INFOPLIST_KEY_UIApplicationSupportsIndirectInputEvents = YES;
				INFOPLIST_KEY_UILaunchScreen_Generation = YES;
				INFOPLIST_KEY_UISupportedInterfaceOrientations_iPad = "UIInterfaceOrientationPortrait UIInterfaceOrientationPortraitUpsideDown UIInterfaceOrientationLandscapeLeft UIInterfaceOrientationLandscapeRight";
				INFOPLIST_KEY_UISupportedInterfaceOrientations_iPhone = "UIInterfaceOrientationPortrait UIInterfaceOrientationLandscapeLeft UIInterfaceOrientationLandscapeRight";
				IPHONEOS_DEPLOYMENT_TARGET = 16.6;
				LD_RUNPATH_SEARCH_PATHS = (
					"$(inherited)",
					"@executable_path/Frameworks",
				);
				MARKETING_VERSION = 1.0;
				PRODUCT_BUNDLE_IDENTIFIER = me.schatton.thomas.SWApp;
				PRODUCT_NAME = "$(TARGET_NAME)";
				SWIFT_EMIT_LOC_STRINGS = YES;
				SWIFT_VERSION = 5.0;
				TARGETED_DEVICE_FAMILY = "1,2";
			};
			name = Release;
		};
/* End XCBuildConfiguration section */

/* Begin XCConfigurationList section */
		4541C64E2AD95E1000558846 /* Build configuration list for PBXProject "SWApp" */ = {
			isa = XCConfigurationList;
			buildConfigurations = (
				4541C65F2AD95E1100558846 /* Debug */,
				4541C6602AD95E1100558846 /* Release */,
			);
			defaultConfigurationIsVisible = 0;
			defaultConfigurationName = Release;
		};
		4541C6612AD95E1100558846 /* Build configuration list for PBXNativeTarget "SWApp" */ = {
			isa = XCConfigurationList;
			buildConfigurations = (
				4541C6622AD95E1100558846 /* Debug */,
				4541C6632AD95E1100558846 /* Release */,
			);
			defaultConfigurationIsVisible = 0;
			defaultConfigurationName = Release;
		};
/* End XCConfigurationList section */
	};
	rootObject = 4541C64B2AD95E1000558846 /* Project object */;
}
